
Microsoft Visual Studio Solution File, Format Version 12.00
# Visual Studio 15
VisualStudioVersion = 15.0.28307.645
MinimumVisualStudioVersion = 10.0.40219.1
Project("{FAE04EC0-301F-11D3-BF4B-00C04F79EFBC}") = "multiple_models_one_view", "multiple_models_one_view\multiple_models_one_view.csproj", "{6DA58E88-69BE-4672-9882-A7D3BC8163CC}"
EndProject
Global
	GlobalSection(SolutionConfigurationPlatforms) = preSolution
		Debug|Any CPU = Debug|Any CPU
		Release|Any CPU = Release|Any CPU
	EndGlobalSection
	GlobalSection(ProjectConfigurationPlatforms) = postSolution
		{6DA58E88-69BE-4672-9882-A7D3BC8163CC}.Debug|Any CPU.ActiveCfg = Debug|Any CPU
		{6DA58E88-69BE-4672-9882-A7D3BC8163CC}.Debug|Any CPU.Build.0 = Debug|Any CPU
		{6DA58E88-69BE-4672-9882-A7D3BC8163CC}.Release|Any CPU.ActiveCfg = Release|Any CPU
		{6DA58E88-69BE-4672-9882-A7D3BC8163CC}.Release|Any CPU.Build.0 = Release|Any CPU
	EndGlobalSection
	GlobalSection(SolutionProperties) = preSolution
		HideSolutionNode = FALSE
	EndGlobalSection
	GlobalSection(ExtensibilityGlobals) = postSolution
		SolutionGuid = {EE6412FD-3733-4519-A44D-440E311AB83B}
	EndGlobalSection
EndGlobal
